
Microsoft Visual Studio Solution File, Format Version 12.00
# Visual Studio Version 16
VisualStudioVersion = 16.0.29613.14
MinimumVisualStudioVersion = 10.0.40219.1
Project("{9A19103F-16F7-4668-BE54-9A1E7A4F7556}") = "NetCore31WpfApp", "NetCore31WpfApp\NetCore31WpfApp.csproj", "{FF4A32EC-352F-4F86-9E19-81A7B289A86C}"
EndProject
Project("{9A19103F-16F7-4668-BE54-9A1E7A4F7556}") = "ZoomAndPanNetCore", "ZoomAndPanNetCore\ZoomAndPanNetCore.csproj", "{16816B20-2A2B-4B9E-948F-81F90F7E3226}"
EndProject
Project("{9A19103F-16F7-4668-BE54-9A1E7A4F7556}") = "LibTiff", "LibTiff\LibTiff.csproj", "{FC27A562-4F10-40D9-A924-0091F95D56A1}"
EndProject
Project("{FAE04EC0-301F-11D3-BF4B-00C04F79EFBC}") = "NetCore31ConsoleApp", "NetCore31ConsoleApp\NetCore31ConsoleApp.csproj", "{37A12E94-7277-4F9A-A3EB-302857F57130}"
EndProject
Project("{FAE04EC0-301F-11D3-BF4B-00C04F79EFBC}") = "StandardClassLibrary_TestBL", "StandardClassLibrary_TestBL\StandardClassLibrary_TestBL.csproj", "{47E6ECBD-6674-4F82-87EC-57C823FD31E7}"
EndProject
Project("{2150E333-8FDC-42A3-9474-1A3956D46DE8}") = "0_ThirdParty", "0_ThirdParty", "{B0D82B12-C14E-4EEF-A9B6-EFB2877C515D}"
EndProject
Project("{2150E333-8FDC-42A3-9474-1A3956D46DE8}") = "2_FrontEnd", "2_FrontEnd", "{F3D78747-4B68-40F5-BB82-52007F7A739E}"
EndProject
Project("{2150E333-8FDC-42A3-9474-1A3956D46DE8}") = "1_BL", "1_BL", "{752DF538-3FFE-4C19-83CA-41F129F9C2B8}"
EndProject
Global
	GlobalSection(SolutionConfigurationPlatforms) = preSolution
		Debug|Any CPU = Debug|Any CPU
		Release|Any CPU = Release|Any CPU
	EndGlobalSection
	GlobalSection(ProjectConfigurationPlatforms) = postSolution
		{FF4A32EC-352F-4F86-9E19-81A7B289A86C}.Debug|Any CPU.ActiveCfg = Debug|Any CPU
		{FF4A32EC-352F-4F86-9E19-81A7B289A86C}.Debug|Any CPU.Build.0 = Debug|Any CPU
		{FF4A32EC-352F-4F86-9E19-81A7B289A86C}.Release|Any CPU.ActiveCfg = Release|Any CPU
		{FF4A32EC-352F-4F86-9E19-81A7B289A86C}.Release|Any CPU.Build.0 = Release|Any CPU
		{16816B20-2A2B-4B9E-948F-81F90F7E3226}.Debug|Any CPU.ActiveCfg = Debug|Any CPU
		{16816B20-2A2B-4B9E-948F-81F90F7E3226}.Debug|Any CPU.Build.0 = Debug|Any CPU
		{16816B20-2A2B-4B9E-948F-81F90F7E3226}.Release|Any CPU.ActiveCfg = Release|Any CPU
		{16816B20-2A2B-4B9E-948F-81F90F7E3226}.Release|Any CPU.Build.0 = Release|Any CPU
		{FC27A562-4F10-40D9-A924-0091F95D56A1}.Debug|Any CPU.ActiveCfg = Debug|Any CPU
		{FC27A562-4F10-40D9-A924-0091F95D56A1}.Debug|Any CPU.Build.0 = Debug|Any CPU
		{FC27A562-4F10-40D9-A924-0091F95D56A1}.Release|Any CPU.ActiveCfg = Release|Any CPU
		{FC27A562-4F10-40D9-A924-0091F95D56A1}.Release|Any CPU.Build.0 = Release|Any CPU
		{37A12E94-7277-4F9A-A3EB-302857F57130}.Debug|Any CPU.ActiveCfg = Debug|Any CPU
		{37A12E94-7277-4F9A-A3EB-302857F57130}.Debug|Any CPU.Build.0 = Debug|Any CPU
		{37A12E94-7277-4F9A-A3EB-302857F57130}.Release|Any CPU.ActiveCfg = Release|Any CPU
		{37A12E94-7277-4F9A-A3EB-302857F57130}.Release|Any CPU.Build.0 = Release|Any CPU
		{47E6ECBD-6674-4F82-87EC-57C823FD31E7}.Debug|Any CPU.ActiveCfg = Debug|Any CPU
		{47E6ECBD-6674-4F82-87EC-57C823FD31E7}.Debug|Any CPU.Build.0 = Debug|Any CPU
		{47E6ECBD-6674-4F82-87EC-57C823FD31E7}.Release|Any CPU.ActiveCfg = Release|Any CPU
		{47E6ECBD-6674-4F82-87EC-57C823FD31E7}.Release|Any CPU.Build.0 = Release|Any CPU
	EndGlobalSection
	GlobalSection(SolutionProperties) = preSolution
		HideSolutionNode = FALSE
	EndGlobalSection
	GlobalSection(NestedProjects) = preSolution
		{FF4A32EC-352F-4F86-9E19-81A7B289A86C} = {F3D78747-4B68-40F5-BB82-52007F7A739E}
		{16816B20-2A2B-4B9E-948F-81F90F7E3226} = {B0D82B12-C14E-4EEF-A9B6-EFB2877C515D}
		{FC27A562-4F10-40D9-A924-0091F95D56A1} = {B0D82B12-C14E-4EEF-A9B6-EFB2877C515D}
		{37A12E94-7277-4F9A-A3EB-302857F57130} = {F3D78747-4B68-40F5-BB82-52007F7A739E}
		{47E6ECBD-6674-4F82-87EC-57C823FD31E7} = {752DF538-3FFE-4C19-83CA-41F129F9C2B8}
	EndGlobalSection
	GlobalSection(ExtensibilityGlobals) = postSolution
		SolutionGuid = {2D3DEE2E-4673-41F1-8AF7-22756082F6BD}
	EndGlobalSection
EndGlobal
